
Microsoft Visual Studio Solution File, Format Version 12.00
# Visual Studio Version 16
VisualStudioVersion = 16.0.30011.22
MinimumVisualStudioVersion = 10.0.40219.1
Project("{FAE04EC0-301F-11D3-BF4B-00C04F79EFBC}") = "MongoDB Demo", "MongoDB Demo\MongoDB Demo.csproj", "{155A1B38-1D0A-40F2-9DFE-FAFE4595863E}"
EndProject
Global
	GlobalSection(SolutionConfigurationPlatforms) = preSolution
		Debug|Any CPU = Debug|Any CPU
		Release|Any CPU = Release|Any CPU
	EndGlobalSection
	GlobalSection(ProjectConfigurationPlatforms) = postSolution
		{155A1B38-1D0A-40F2-9DFE-FAFE4595863E}.Debug|Any CPU.ActiveCfg = Debug|Any CPU
		{155A1B38-1D0A-40F2-9DFE-FAFE4595863E}.Debug|Any CPU.Build.0 = Debug|Any CPU
		{155A1B38-1D0A-40F2-9DFE-FAFE4595863E}.Release|Any CPU.ActiveCfg = Release|Any CPU
		{155A1B38-1D0A-40F2-9DFE-FAFE4595863E}.Release|Any CPU.Build.0 = Release|Any CPU
	EndGlobalSection
	GlobalSection(SolutionProperties) = preSolution
		HideSolutionNode = FALSE
	EndGlobalSection
	GlobalSection(ExtensibilityGlobals) = postSolution
		SolutionGuid = {8F643F63-4290-4B98-8658-FA81318F72FC}
	EndGlobalSection
EndGlobal
